
Microsoft Visual Studio Solution File, Format Version 12.00
# Visual Studio Version 16
VisualStudioVersion = 16.0.29509.3
MinimumVisualStudioVersion = 10.0.40219.1
Project("{9A19103F-16F7-4668-BE54-9A1E7A4F7556}") = "AdventOfCode2019", "AdventOfCode2019\AdventOfCode2019.csproj", "{16AEB0CF-0CB8-4A4D-8EF7-D5663529BE4B}"
EndProject
Project("{9A19103F-16F7-4668-BE54-9A1E7A4F7556}") = "Day1TheTyrannyOfTheRocketEquation", "Day1TheTyrannyOfTheRocketEquation\Day1TheTyrannyOfTheRocketEquation.csproj", "{8AB2064B-47A8-48A9-9291-DA8D88BA9E61}"
EndProject
Project("{9A19103F-16F7-4668-BE54-9A1E7A4F7556}") = "Parsing", "Parsing\Parsing.csproj", "{8D5F8AE1-3F63-4ACD-9A92-5399BA8BED5F}"
EndProject
Project("{9A19103F-16F7-4668-BE54-9A1E7A4F7556}") = "Day21202ProgramAlarm", "Day21202ProgramAlarm\Day21202ProgramAlarm.csproj", "{A2FA93BE-1B94-4F96-80DD-BAFBECD8A5BC}"
EndProject
Project("{9A19103F-16F7-4668-BE54-9A1E7A4F7556}") = "Day3CrossedWires", "Day3CrossedWires\Day3CrossedWires.csproj", "{FCB910DE-24D8-4CA5-B1E3-483954F68B34}"
EndProject
Project("{9A19103F-16F7-4668-BE54-9A1E7A4F7556}") = "Day4SecureContainer", "Day4SecureContainer\Day4SecureContainer.csproj", "{C78033BD-6385-4B10-84F1-27848D5D9CA5}"
EndProject
Project("{9A19103F-16F7-4668-BE54-9A1E7A4F7556}") = "Day5SunnyWithAChanceOfAsteroids", "Day5SunnyWithAChanceOfAsteroids\Day5SunnyWithAChanceOfAsteroids.csproj", "{E738C118-1EB8-405A-80C9-82428DE010FC}"
EndProject
Project("{FAE04EC0-301F-11D3-BF4B-00C04F79EFBC}") = "Day6UniversalOrbitMap", "Day6UniversalOrbitMap\Day6UniversalOrbitMap.csproj", "{9EC99960-F06A-413C-BBF4-ED2AED5C9EB5}"
EndProject
Global
	GlobalSection(SolutionConfigurationPlatforms) = preSolution
		Debug|Any CPU = Debug|Any CPU
		Release|Any CPU = Release|Any CPU
	EndGlobalSection
	GlobalSection(ProjectConfigurationPlatforms) = postSolution
		{16AEB0CF-0CB8-4A4D-8EF7-D5663529BE4B}.Debug|Any CPU.ActiveCfg = Debug|Any CPU
		{16AEB0CF-0CB8-4A4D-8EF7-D5663529BE4B}.Debug|Any CPU.Build.0 = Debug|Any CPU
		{16AEB0CF-0CB8-4A4D-8EF7-D5663529BE4B}.Release|Any CPU.ActiveCfg = Release|Any CPU
		{16AEB0CF-0CB8-4A4D-8EF7-D5663529BE4B}.Release|Any CPU.Build.0 = Release|Any CPU
		{8AB2064B-47A8-48A9-9291-DA8D88BA9E61}.Debug|Any CPU.ActiveCfg = Debug|Any CPU
		{8AB2064B-47A8-48A9-9291-DA8D88BA9E61}.Debug|Any CPU.Build.0 = Debug|Any CPU
		{8AB2064B-47A8-48A9-9291-DA8D88BA9E61}.Release|Any CPU.ActiveCfg = Release|Any CPU
		{8AB2064B-47A8-48A9-9291-DA8D88BA9E61}.Release|Any CPU.Build.0 = Release|Any CPU
		{8D5F8AE1-3F63-4ACD-9A92-5399BA8BED5F}.Debug|Any CPU.ActiveCfg = Debug|Any CPU
		{8D5F8AE1-3F63-4ACD-9A92-5399BA8BED5F}.Debug|Any CPU.Build.0 = Debug|Any CPU
		{8D5F8AE1-3F63-4ACD-9A92-5399BA8BED5F}.Release|Any CPU.ActiveCfg = Release|Any CPU
		{8D5F8AE1-3F63-4ACD-9A92-5399BA8BED5F}.Release|Any CPU.Build.0 = Release|Any CPU
		{A2FA93BE-1B94-4F96-80DD-BAFBECD8A5BC}.Debug|Any CPU.ActiveCfg = Debug|Any CPU
		{A2FA93BE-1B94-4F96-80DD-BAFBECD8A5BC}.Debug|Any CPU.Build.0 = Debug|Any CPU
		{A2FA93BE-1B94-4F96-80DD-BAFBECD8A5BC}.Release|Any CPU.ActiveCfg = Release|Any CPU
		{A2FA93BE-1B94-4F96-80DD-BAFBECD8A5BC}.Release|Any CPU.Build.0 = Release|Any CPU
		{FCB910DE-24D8-4CA5-B1E3-483954F68B34}.Debug|Any CPU.ActiveCfg = Debug|Any CPU
		{FCB910DE-24D8-4CA5-B1E3-483954F68B34}.Debug|Any CPU.Build.0 = Debug|Any CPU
		{FCB910DE-24D8-4CA5-B1E3-483954F68B34}.Release|Any CPU.ActiveCfg = Release|Any CPU
		{FCB910DE-24D8-4CA5-B1E3-483954F68B34}.Release|Any CPU.Build.0 = Release|Any CPU
		{C78033BD-6385-4B10-84F1-27848D5D9CA5}.Debug|Any CPU.ActiveCfg = Debug|Any CPU
		{C78033BD-6385-4B10-84F1-27848D5D9CA5}.Debug|Any CPU.Build.0 = Debug|Any CPU
		{C78033BD-6385-4B10-84F1-27848D5D9CA5}.Release|Any CPU.ActiveCfg = Release|Any CPU
		{C78033BD-6385-4B10-84F1-27848D5D9CA5}.Release|Any CPU.Build.0 = Release|Any CPU
		{E738C118-1EB8-405A-80C9-82428DE010FC}.Debug|Any CPU.ActiveCfg = Debug|Any CPU
		{E738C118-1EB8-405A-80C9-82428DE010FC}.Debug|Any CPU.Build.0 = Debug|Any CPU
		{E738C118-1EB8-405A-80C9-82428DE010FC}.Release|Any CPU.ActiveCfg = Release|Any CPU
		{E738C118-1EB8-405A-80C9-82428DE010FC}.Release|Any CPU.Build.0 = Release|Any CPU
		{9EC99960-F06A-413C-BBF4-ED2AED5C9EB5}.Debug|Any CPU.ActiveCfg = Debug|Any CPU
		{9EC99960-F06A-413C-BBF4-ED2AED5C9EB5}.Debug|Any CPU.Build.0 = Debug|Any CPU
		{9EC99960-F06A-413C-BBF4-ED2AED5C9EB5}.Release|Any CPU.ActiveCfg = Release|Any CPU
		{9EC99960-F06A-413C-BBF4-ED2AED5C9EB5}.Release|Any CPU.Build.0 = Release|Any CPU
	EndGlobalSection
	GlobalSection(SolutionProperties) = preSolution
		HideSolutionNode = FALSE
	EndGlobalSection
	GlobalSection(ExtensibilityGlobals) = postSolution
		SolutionGuid = {6E2F85C9-08C4-46FC-AA0C-172ADEA7A91D}
	EndGlobalSection
EndGlobal
